Microsoft Visual Studio Solution File, Format Version 12.00
# Visual Studio 16
Project("{8BC9CEB8-8B4A-11D0-8D11-00A0C91BC942}") = "GreenScreen", "GreenScreen.vcxproj", "{7ADF8391-4040-3444-9DA6-31C30C73C260}"
	ProjectSection(ProjectDependencies) = postProject
		{D5AA951B-1484-3058-8531-73F70D62FCD6} = {D5AA951B-1484-3058-8531-73F70D62FCD6}
	EndProjectSection
EndProject
Project("{8BC9CEB8-8B4A-11D0-8D11-00A0C91BC942}") = "ALL_BUILD", "ALL_BUILD.vcxproj", "{6624CA36-133E-39FD-A48F-BFB81A9A1D66}"
	ProjectSection(ProjectDependencies) = postProject
		{7ADF8391-4040-3444-9DA6-31C30C73C260} = {7ADF8391-4040-3444-9DA6-31C30C73C260}
		{D5AA951B-1484-3058-8531-73F70D62FCD6} = {D5AA951B-1484-3058-8531-73F70D62FCD6}
	EndProjectSection
EndProject
Project("{8BC9CEB8-8B4A-11D0-8D11-00A0C91BC942}") = "ZERO_CHECK", "ZERO_CHECK.vcxproj", "{D5AA951B-1484-3058-8531-73F70D62FCD6}"
	ProjectSection(ProjectDependencies) = postProject
	EndProjectSection
EndProject
Global
	GlobalSection(SolutionConfigurationPlatforms) = preSolution
		Debug|x64 = Debug|x64
		Release|x64 = Release|x64
		MinSizeRel|x64 = MinSizeRel|x64
		RelWithDebInfo|x64 = RelWithDebInfo|x64
	EndGlobalSection
	GlobalSection(ProjectConfigurationPlatforms) = postSolution
		{7ADF8391-4040-3444-9DA6-31C30C73C260}.Debug|x64.ActiveCfg = Debug|x64
		{7ADF8391-4040-3444-9DA6-31C30C73C260}.Debug|x64.Build.0 = Debug|x64
		{7ADF8391-4040-3444-9DA6-31C30C73C260}.Release|x64.ActiveCfg = Release|x64
		{7ADF8391-4040-3444-9DA6-31C30C73C260}.Release|x64.Build.0 = Release|x64
		{7ADF8391-4040-3444-9DA6-31C30C73C260}.MinSizeRel|x64.ActiveCfg = MinSizeRel|x64
		{7ADF8391-4040-3444-9DA6-31C30C73C260}.MinSizeRel|x64.Build.0 = MinSizeRel|x64
		{7ADF8391-4040-3444-9DA6-31C30C73C260}.RelWithDebInfo|x64.ActiveCfg = RelWithDebInfo|x64
		{7ADF8391-4040-3444-9DA6-31C30C73C260}.RelWithDebInfo|x64.Build.0 = RelWithDebInfo|x64
		{6624CA36-133E-39FD-A48F-BFB81A9A1D66}.Debug|x64.ActiveCfg = Debug|x64
		{6624CA36-133E-39FD-A48F-BFB81A9A1D66}.Release|x64.ActiveCfg = Release|x64
		{6624CA36-133E-39FD-A48F-BFB81A9A1D66}.MinSizeRel|x64.ActiveCfg = MinSizeRel|x64
		{6624CA36-133E-39FD-A48F-BFB81A9A1D66}.RelWithDebInfo|x64.ActiveCfg = RelWithDebInfo|x64
		{D5AA951B-1484-3058-8531-73F70D62FCD6}.Debug|x64.ActiveCfg = Debug|x64
		{D5AA951B-1484-3058-8531-73F70D62FCD6}.Debug|x64.Build.0 = Debug|x64
		{D5AA951B-1484-3058-8531-73F70D62FCD6}.Release|x64.ActiveCfg = Release|x64
		{D5AA951B-1484-3058-8531-73F70D62FCD6}.Release|x64.Build.0 = Release|x64
		{D5AA951B-1484-3058-8531-73F70D62FCD6}.MinSizeRel|x64.ActiveCfg = MinSizeRel|x64
		{D5AA951B-1484-3058-8531-73F70D62FCD6}.MinSizeRel|x64.Build.0 = MinSizeRel|x64
		{D5AA951B-1484-3058-8531-73F70D62FCD6}.RelWithDebInfo|x64.ActiveCfg = RelWithDebInfo|x64
		{D5AA951B-1484-3058-8531-73F70D62FCD6}.RelWithDebInfo|x64.Build.0 = RelWithDebInfo|x64
	EndGlobalSection
	GlobalSection(ExtensibilityGlobals) = postSolution
		SolutionGuid = {189BBC47-72F0-38B2-ADAF-44DC0066D2E7}
	EndGlobalSection
	GlobalSection(ExtensibilityAddIns) = postSolution
	EndGlobalSection
EndGlobal
