<?xml version="1.0" encoding="utf-8"?>
<Project ToolsVersion="16.0" xmlns="http://schemas.microsoft.com/developer/msbuild/2003">
  <ItemGroup>
    <CustomBuild Include="C:\Users\Alegna Medina\Documents\Full Sail\2020\AprilMay\Project4withAlegna\GreenScreen\CMakeFiles\1d4c3e40b4f26f9b65e79362b89c3d1b\generate.stamp.rule">
      <Filter>CMake Rules</Filter>
    </CustomBuild>
  </ItemGroup>
  <ItemGroup>
    <Filter Include="CMake Rules">
      <UniqueIdentifier>{BDACA49D-AEF3-3BF6-8CB6-10D748B74DE0}</UniqueIdentifier>
    </Filter>
  </ItemGroup>
</Project>
